
Microsoft Visual Studio Solution File, Format Version 12.00
# Visual Studio Version 17
VisualStudioVersion = 17.5.33530.505
MinimumVisualStudioVersion = 10.0.40219.1
Project("{9A19103F-16F7-4668-BE54-9A1E7A4F7556}") = "JW.Ecommerce.Domain", "src\JW.Ecommerce.Domain\JW.Ecommerce.Domain.csproj", "{554AD327-6DBA-4F8F-96F8-81CE7A0C863F}"
EndProject
Project("{9A19103F-16F7-4668-BE54-9A1E7A4F7556}") = "JW.Ecommerce.Application", "src\JW.Ecommerce.Application\JW.Ecommerce.Application.csproj", "{1A94A50E-06DC-43C1-80B5-B662820EC3EB}"
EndProject
Project("{9A19103F-16F7-4668-BE54-9A1E7A4F7556}") = "JW.Ecommerce.EntityFrameworkCore", "src\JW.Ecommerce.EntityFrameworkCore\JW.Ecommerce.EntityFrameworkCore.csproj", "{C956DD76-69C8-4A9C-83EA-D17DF83340FD}"
EndProject
Project("{2150E333-8FDC-42A3-9474-1A3956D46DE8}") = "src", "src", "{CA9AC87F-097E-4F15-8393-4BC07735A5B0}"
EndProject
Project("{2150E333-8FDC-42A3-9474-1A3956D46DE8}") = "test", "test", "{04DBDB01-70F4-4E06-B468-8F87850B22BE}"
EndProject
Project("{9A19103F-16F7-4668-BE54-9A1E7A4F7556}") = "JW.Ecommerce.Application.Tests", "test\JW.Ecommerce.Application.Tests\JW.Ecommerce.Application.Tests.csproj", "{50B2631D-129C-47B3-A587-029CCD6099BC}"
EndProject
Project("{9A19103F-16F7-4668-BE54-9A1E7A4F7556}") = "JW.Ecommerce.Domain.Shared", "src\JW.Ecommerce.Domain.Shared\JW.Ecommerce.Domain.Shared.csproj", "{42F719ED-8413-4895-B5B4-5AB56079BC66}"
EndProject
Project("{9A19103F-16F7-4668-BE54-9A1E7A4F7556}") = "JW.Ecommerce.Application.Contracts", "src\JW.Ecommerce.Application.Contracts\JW.Ecommerce.Application.Contracts.csproj", "{520659C8-C734-4298-A3DA-B539DB9DFC0B}"
EndProject
Project("{9A19103F-16F7-4668-BE54-9A1E7A4F7556}") = "JW.Ecommerce.HttpApi", "src\JW.Ecommerce.HttpApi\JW.Ecommerce.HttpApi.csproj", "{4164BDF7-F527-4E85-9CE6-E3C2D7426A27}"
EndProject
Project("{9A19103F-16F7-4668-BE54-9A1E7A4F7556}") = "JW.Ecommerce.HttpApi.Client", "src\JW.Ecommerce.HttpApi.Client\JW.Ecommerce.HttpApi.Client.csproj", "{3B5A0094-670D-4BB1-BFDD-61B88A8773DC}"
EndProject
Project("{9A19103F-16F7-4668-BE54-9A1E7A4F7556}") = "JW.Ecommerce.AuthServer", "src\JW.Ecommerce.AuthServer\JW.Ecommerce.AuthServer.csproj", "{073C361E-B8F4-49F5-93CC-72A3FF49C026}"
EndProject
Project("{9A19103F-16F7-4668-BE54-9A1E7A4F7556}") = "JW.Ecommerce.HttpApi.Host", "src\JW.Ecommerce.HttpApi.Host\JW.Ecommerce.HttpApi.Host.csproj", "{E6D5BF0E-DE92-4D82-A352-EF04B37CB11C}"
EndProject
Project("{9A19103F-16F7-4668-BE54-9A1E7A4F7556}") = "JW.Ecommerce.EntityFrameworkCore.Tests", "test\JW.Ecommerce.EntityFrameworkCore.Tests\JW.Ecommerce.EntityFrameworkCore.Tests.csproj", "{1FE30EB9-74A9-47F5-A9F6-7B1FAB672D81}"
EndProject
Project("{9A19103F-16F7-4668-BE54-9A1E7A4F7556}") = "JW.Ecommerce.TestBase", "test\JW.Ecommerce.TestBase\JW.Ecommerce.TestBase.csproj", "{91853F21-9CD9-4132-BC29-A7D5D84FFFE7}"
EndProject
Project("{9A19103F-16F7-4668-BE54-9A1E7A4F7556}") = "JW.Ecommerce.Domain.Tests", "test\JW.Ecommerce.Domain.Tests\JW.Ecommerce.Domain.Tests.csproj", "{E512F4D9-9375-480F-A2F6-A46509F9D824}"
EndProject
Project("{9A19103F-16F7-4668-BE54-9A1E7A4F7556}") = "JW.Ecommerce.HttpApi.Client.ConsoleTestApp", "test\JW.Ecommerce.HttpApi.Client.ConsoleTestApp\JW.Ecommerce.HttpApi.Client.ConsoleTestApp.csproj", "{EF480016-9127-4916-8735-D2466BDBC582}"
EndProject
Project("{9A19103F-16F7-4668-BE54-9A1E7A4F7556}") = "JW.Ecommerce.DbMigrator", "src\JW.Ecommerce.DbMigrator\JW.Ecommerce.DbMigrator.csproj", "{AA94D832-1CCC-4715-95A9-A483F23A1A5D}"
EndProject
Project("{2150E333-8FDC-42A3-9474-1A3956D46DE8}") = "public", "public", "{B1B039A0-D80D-4787-B736-2E4A84278D9C}"
EndProject
Project("{2150E333-8FDC-42A3-9474-1A3956D46DE8}") = "infrastructure", "infrastructure", "{A9526529-57FF-408F-A99A-983F7FD4522F}"
EndProject
Project("{2150E333-8FDC-42A3-9474-1A3956D46DE8}") = "domain", "domain", "{96490158-5634-4EF2-BFA2-081C051BFDAC}"
EndProject
Project("{2150E333-8FDC-42A3-9474-1A3956D46DE8}") = "auth", "auth", "{6AF03A24-169D-4E1F-A880-71D623012940}"
EndProject
Project("{2150E333-8FDC-42A3-9474-1A3956D46DE8}") = "admin", "admin", "{07AF3B92-1519-431D-BF0B-DF3089D353B7}"
EndProject
Project("{2150E333-8FDC-42A3-9474-1A3956D46DE8}") = "common", "common", "{4F5544F9-D3C4-4F8E-82B9-EE0752D338E6}"
EndProject
Project("{9A19103F-16F7-4668-BE54-9A1E7A4F7556}") = "JW.Ecommerce.Admin.Application", "src\JW.Ecommerce.Admin.Application\JW.Ecommerce.Admin.Application.csproj", "{5BFEDE59-3BA5-46E5-AF30-D3474C023F2F}"
EndProject
Project("{9A19103F-16F7-4668-BE54-9A1E7A4F7556}") = "JW.Ecommerce.Admin.Application.Contracts", "src\JW.Ecommerce.Admin.Application.Contracts\JW.Ecommerce.Admin.Application.Contracts.csproj", "{128BAB3D-3597-4204-B969-F5A2F8E0FE3B}"
EndProject
Project("{9A19103F-16F7-4668-BE54-9A1E7A4F7556}") = "JW.Ecommerce.Admin.HttpApi", "src\JW.Ecommerce.Admin.HttpApi\JW.Ecommerce.Admin.HttpApi.csproj", "{1AE5C2E1-078F-4424-9321-89BD90523393}"
EndProject
Project("{9A19103F-16F7-4668-BE54-9A1E7A4F7556}") = "JW.Ecommerce.Admin.HttpApi.Client", "src\JW.Ecommerce.Admin.HttpApi.Client\JW.Ecommerce.Admin.HttpApi.Client.csproj", "{336B3566-A373-446B-AEBA-DEE29BA754BB}"
EndProject
Project("{9A19103F-16F7-4668-BE54-9A1E7A4F7556}") = "JW.Ecommerce.Admin.HttpApi.Host", "src\JW.Ecommerce.Admin.HttpApi.Host\JW.Ecommerce.Admin.HttpApi.Host.csproj", "{763A1337-2203-4B68-9FEE-2EBCFCC23613}"
EndProject
Global
	GlobalSection(SolutionConfigurationPlatforms) = preSolution
		Debug|Any CPU = Debug|Any CPU
		Release|Any CPU = Release|Any CPU
	EndGlobalSection
	GlobalSection(ProjectConfigurationPlatforms) = postSolution
		{554AD327-6DBA-4F8F-96F8-81CE7A0C863F}.Debug|Any CPU.ActiveCfg = Debug|Any CPU
		{554AD327-6DBA-4F8F-96F8-81CE7A0C863F}.Debug|Any CPU.Build.0 = Debug|Any CPU
		{554AD327-6DBA-4F8F-96F8-81CE7A0C863F}.Release|Any CPU.ActiveCfg = Release|Any CPU
		{554AD327-6DBA-4F8F-96F8-81CE7A0C863F}.Release|Any CPU.Build.0 = Release|Any CPU
		{1A94A50E-06DC-43C1-80B5-B662820EC3EB}.Debug|Any CPU.ActiveCfg = Debug|Any CPU
		{1A94A50E-06DC-43C1-80B5-B662820EC3EB}.Debug|Any CPU.Build.0 = Debug|Any CPU
		{1A94A50E-06DC-43C1-80B5-B662820EC3EB}.Release|Any CPU.ActiveCfg = Release|Any CPU
		{1A94A50E-06DC-43C1-80B5-B662820EC3EB}.Release|Any CPU.Build.0 = Release|Any CPU
		{C956DD76-69C8-4A9C-83EA-D17DF83340FD}.Debug|Any CPU.ActiveCfg = Debug|Any CPU
		{C956DD76-69C8-4A9C-83EA-D17DF83340FD}.Debug|Any CPU.Build.0 = Debug|Any CPU
		{C956DD76-69C8-4A9C-83EA-D17DF83340FD}.Release|Any CPU.ActiveCfg = Release|Any CPU
		{C956DD76-69C8-4A9C-83EA-D17DF83340FD}.Release|Any CPU.Build.0 = Release|Any CPU
		{50B2631D-129C-47B3-A587-029CCD6099BC}.Debug|Any CPU.ActiveCfg = Debug|Any CPU
		{50B2631D-129C-47B3-A587-029CCD6099BC}.Debug|Any CPU.Build.0 = Debug|Any CPU
		{50B2631D-129C-47B3-A587-029CCD6099BC}.Release|Any CPU.ActiveCfg = Release|Any CPU
		{50B2631D-129C-47B3-A587-029CCD6099BC}.Release|Any CPU.Build.0 = Release|Any CPU
		{42F719ED-8413-4895-B5B4-5AB56079BC66}.Debug|Any CPU.ActiveCfg = Debug|Any CPU
		{42F719ED-8413-4895-B5B4-5AB56079BC66}.Debug|Any CPU.Build.0 = Debug|Any CPU
		{42F719ED-8413-4895-B5B4-5AB56079BC66}.Release|Any CPU.ActiveCfg = Release|Any CPU
		{42F719ED-8413-4895-B5B4-5AB56079BC66}.Release|Any CPU.Build.0 = Release|Any CPU
		{520659C8-C734-4298-A3DA-B539DB9DFC0B}.Debug|Any CPU.ActiveCfg = Debug|Any CPU
		{520659C8-C734-4298-A3DA-B539DB9DFC0B}.Debug|Any CPU.Build.0 = Debug|Any CPU
		{520659C8-C734-4298-A3DA-B539DB9DFC0B}.Release|Any CPU.ActiveCfg = Release|Any CPU
		{520659C8-C734-4298-A3DA-B539DB9DFC0B}.Release|Any CPU.Build.0 = Release|Any CPU
		{4164BDF7-F527-4E85-9CE6-E3C2D7426A27}.Debug|Any CPU.ActiveCfg = Debug|Any CPU
		{4164BDF7-F527-4E85-9CE6-E3C2D7426A27}.Debug|Any CPU.Build.0 = Debug|Any CPU
		{4164BDF7-F527-4E85-9CE6-E3C2D7426A27}.Release|Any CPU.ActiveCfg = Release|Any CPU
		{4164BDF7-F527-4E85-9CE6-E3C2D7426A27}.Release|Any CPU.Build.0 = Release|Any CPU
		{3B5A0094-670D-4BB1-BFDD-61B88A8773DC}.Debug|Any CPU.ActiveCfg = Debug|Any CPU
		{3B5A0094-670D-4BB1-BFDD-61B88A8773DC}.Debug|Any CPU.Build.0 = Debug|Any CPU
		{3B5A0094-670D-4BB1-BFDD-61B88A8773DC}.Release|Any CPU.ActiveCfg = Release|Any CPU
		{3B5A0094-670D-4BB1-BFDD-61B88A8773DC}.Release|Any CPU.Build.0 = Release|Any CPU
		{073C361E-B8F4-49F5-93CC-72A3FF49C026}.Debug|Any CPU.ActiveCfg = Debug|Any CPU
		{073C361E-B8F4-49F5-93CC-72A3FF49C026}.Debug|Any CPU.Build.0 = Debug|Any CPU
		{073C361E-B8F4-49F5-93CC-72A3FF49C026}.Release|Any CPU.ActiveCfg = Release|Any CPU
		{073C361E-B8F4-49F5-93CC-72A3FF49C026}.Release|Any CPU.Build.0 = Release|Any CPU
		{E6D5BF0E-DE92-4D82-A352-EF04B37CB11C}.Debug|Any CPU.ActiveCfg = Debug|Any CPU
		{E6D5BF0E-DE92-4D82-A352-EF04B37CB11C}.Debug|Any CPU.Build.0 = Debug|Any CPU
		{E6D5BF0E-DE92-4D82-A352-EF04B37CB11C}.Release|Any CPU.ActiveCfg = Release|Any CPU
		{E6D5BF0E-DE92-4D82-A352-EF04B37CB11C}.Release|Any CPU.Build.0 = Release|Any CPU
		{1FE30EB9-74A9-47F5-A9F6-7B1FAB672D81}.Debug|Any CPU.ActiveCfg = Debug|Any CPU
		{1FE30EB9-74A9-47F5-A9F6-7B1FAB672D81}.Debug|Any CPU.Build.0 = Debug|Any CPU
		{1FE30EB9-74A9-47F5-A9F6-7B1FAB672D81}.Release|Any CPU.ActiveCfg = Release|Any CPU
		{1FE30EB9-74A9-47F5-A9F6-7B1FAB672D81}.Release|Any CPU.Build.0 = Release|Any CPU
		{91853F21-9CD9-4132-BC29-A7D5D84FFFE7}.Debug|Any CPU.ActiveCfg = Debug|Any CPU
		{91853F21-9CD9-4132-BC29-A7D5D84FFFE7}.Debug|Any CPU.Build.0 = Debug|Any CPU
		{91853F21-9CD9-4132-BC29-A7D5D84FFFE7}.Release|Any CPU.ActiveCfg = Release|Any CPU
		{91853F21-9CD9-4132-BC29-A7D5D84FFFE7}.Release|Any CPU.Build.0 = Release|Any CPU
		{E512F4D9-9375-480F-A2F6-A46509F9D824}.Debug|Any CPU.ActiveCfg = Debug|Any CPU
		{E512F4D9-9375-480F-A2F6-A46509F9D824}.Debug|Any CPU.Build.0 = Debug|Any CPU
		{E512F4D9-9375-480F-A2F6-A46509F9D824}.Release|Any CPU.ActiveCfg = Release|Any CPU
		{E512F4D9-9375-480F-A2F6-A46509F9D824}.Release|Any CPU.Build.0 = Release|Any CPU
		{EF480016-9127-4916-8735-D2466BDBC582}.Debug|Any CPU.ActiveCfg = Debug|Any CPU
		{EF480016-9127-4916-8735-D2466BDBC582}.Debug|Any CPU.Build.0 = Debug|Any CPU
		{EF480016-9127-4916-8735-D2466BDBC582}.Release|Any CPU.ActiveCfg = Release|Any CPU
		{EF480016-9127-4916-8735-D2466BDBC582}.Release|Any CPU.Build.0 = Release|Any CPU
		{AA94D832-1CCC-4715-95A9-A483F23A1A5D}.Debug|Any CPU.ActiveCfg = Debug|Any CPU
		{AA94D832-1CCC-4715-95A9-A483F23A1A5D}.Debug|Any CPU.Build.0 = Debug|Any CPU
		{AA94D832-1CCC-4715-95A9-A483F23A1A5D}.Release|Any CPU.ActiveCfg = Release|Any CPU
		{AA94D832-1CCC-4715-95A9-A483F23A1A5D}.Release|Any CPU.Build.0 = Release|Any CPU
		{5BFEDE59-3BA5-46E5-AF30-D3474C023F2F}.Debug|Any CPU.ActiveCfg = Debug|Any CPU
		{5BFEDE59-3BA5-46E5-AF30-D3474C023F2F}.Debug|Any CPU.Build.0 = Debug|Any CPU
		{5BFEDE59-3BA5-46E5-AF30-D3474C023F2F}.Release|Any CPU.ActiveCfg = Release|Any CPU
		{5BFEDE59-3BA5-46E5-AF30-D3474C023F2F}.Release|Any CPU.Build.0 = Release|Any CPU
		{128BAB3D-3597-4204-B969-F5A2F8E0FE3B}.Debug|Any CPU.ActiveCfg = Debug|Any CPU
		{128BAB3D-3597-4204-B969-F5A2F8E0FE3B}.Debug|Any CPU.Build.0 = Debug|Any CPU
		{128BAB3D-3597-4204-B969-F5A2F8E0FE3B}.Release|Any CPU.ActiveCfg = Release|Any CPU
		{128BAB3D-3597-4204-B969-F5A2F8E0FE3B}.Release|Any CPU.Build.0 = Release|Any CPU
		{1AE5C2E1-078F-4424-9321-89BD90523393}.Debug|Any CPU.ActiveCfg = Debug|Any CPU
		{1AE5C2E1-078F-4424-9321-89BD90523393}.Debug|Any CPU.Build.0 = Debug|Any CPU
		{1AE5C2E1-078F-4424-9321-89BD90523393}.Release|Any CPU.ActiveCfg = Release|Any CPU
		{1AE5C2E1-078F-4424-9321-89BD90523393}.Release|Any CPU.Build.0 = Release|Any CPU
		{336B3566-A373-446B-AEBA-DEE29BA754BB}.Debug|Any CPU.ActiveCfg = Debug|Any CPU
		{336B3566-A373-446B-AEBA-DEE29BA754BB}.Debug|Any CPU.Build.0 = Debug|Any CPU
		{336B3566-A373-446B-AEBA-DEE29BA754BB}.Release|Any CPU.ActiveCfg = Release|Any CPU
		{336B3566-A373-446B-AEBA-DEE29BA754BB}.Release|Any CPU.Build.0 = Release|Any CPU
		{763A1337-2203-4B68-9FEE-2EBCFCC23613}.Debug|Any CPU.ActiveCfg = Debug|Any CPU
		{763A1337-2203-4B68-9FEE-2EBCFCC23613}.Debug|Any CPU.Build.0 = Debug|Any CPU
		{763A1337-2203-4B68-9FEE-2EBCFCC23613}.Release|Any CPU.ActiveCfg = Release|Any CPU
		{763A1337-2203-4B68-9FEE-2EBCFCC23613}.Release|Any CPU.Build.0 = Release|Any CPU
	EndGlobalSection
	GlobalSection(SolutionProperties) = preSolution
		HideSolutionNode = FALSE
	EndGlobalSection
	GlobalSection(NestedProjects) = preSolution
		{554AD327-6DBA-4F8F-96F8-81CE7A0C863F} = {96490158-5634-4EF2-BFA2-081C051BFDAC}
		{1A94A50E-06DC-43C1-80B5-B662820EC3EB} = {B1B039A0-D80D-4787-B736-2E4A84278D9C}
		{C956DD76-69C8-4A9C-83EA-D17DF83340FD} = {A9526529-57FF-408F-A99A-983F7FD4522F}
		{50B2631D-129C-47B3-A587-029CCD6099BC} = {04DBDB01-70F4-4E06-B468-8F87850B22BE}
		{42F719ED-8413-4895-B5B4-5AB56079BC66} = {96490158-5634-4EF2-BFA2-081C051BFDAC}
		{520659C8-C734-4298-A3DA-B539DB9DFC0B} = {B1B039A0-D80D-4787-B736-2E4A84278D9C}
		{4164BDF7-F527-4E85-9CE6-E3C2D7426A27} = {B1B039A0-D80D-4787-B736-2E4A84278D9C}
		{3B5A0094-670D-4BB1-BFDD-61B88A8773DC} = {B1B039A0-D80D-4787-B736-2E4A84278D9C}
		{073C361E-B8F4-49F5-93CC-72A3FF49C026} = {6AF03A24-169D-4E1F-A880-71D623012940}
		{E6D5BF0E-DE92-4D82-A352-EF04B37CB11C} = {B1B039A0-D80D-4787-B736-2E4A84278D9C}
		{1FE30EB9-74A9-47F5-A9F6-7B1FAB672D81} = {04DBDB01-70F4-4E06-B468-8F87850B22BE}
		{91853F21-9CD9-4132-BC29-A7D5D84FFFE7} = {04DBDB01-70F4-4E06-B468-8F87850B22BE}
		{E512F4D9-9375-480F-A2F6-A46509F9D824} = {04DBDB01-70F4-4E06-B468-8F87850B22BE}
		{EF480016-9127-4916-8735-D2466BDBC582} = {04DBDB01-70F4-4E06-B468-8F87850B22BE}
		{AA94D832-1CCC-4715-95A9-A483F23A1A5D} = {A9526529-57FF-408F-A99A-983F7FD4522F}
		{B1B039A0-D80D-4787-B736-2E4A84278D9C} = {CA9AC87F-097E-4F15-8393-4BC07735A5B0}
		{A9526529-57FF-408F-A99A-983F7FD4522F} = {4F5544F9-D3C4-4F8E-82B9-EE0752D338E6}
		{96490158-5634-4EF2-BFA2-081C051BFDAC} = {4F5544F9-D3C4-4F8E-82B9-EE0752D338E6}
		{6AF03A24-169D-4E1F-A880-71D623012940} = {CA9AC87F-097E-4F15-8393-4BC07735A5B0}
		{07AF3B92-1519-431D-BF0B-DF3089D353B7} = {CA9AC87F-097E-4F15-8393-4BC07735A5B0}
		{4F5544F9-D3C4-4F8E-82B9-EE0752D338E6} = {CA9AC87F-097E-4F15-8393-4BC07735A5B0}
		{5BFEDE59-3BA5-46E5-AF30-D3474C023F2F} = {07AF3B92-1519-431D-BF0B-DF3089D353B7}
		{128BAB3D-3597-4204-B969-F5A2F8E0FE3B} = {07AF3B92-1519-431D-BF0B-DF3089D353B7}
		{1AE5C2E1-078F-4424-9321-89BD90523393} = {07AF3B92-1519-431D-BF0B-DF3089D353B7}
		{336B3566-A373-446B-AEBA-DEE29BA754BB} = {07AF3B92-1519-431D-BF0B-DF3089D353B7}
		{763A1337-2203-4B68-9FEE-2EBCFCC23613} = {07AF3B92-1519-431D-BF0B-DF3089D353B7}
	EndGlobalSection
	GlobalSection(ExtensibilityGlobals) = postSolution
		SolutionGuid = {28315BFD-90E7-4E14-A2EA-F3D23AF4126F}
	EndGlobalSection
EndGlobal
